schema: '2.0'
stages:
  data_preprocessing:
    cmd: python src/data/data_preprocessing.py
    deps:
    - path: data/interim
      hash: md5
      md5: 2ba2882663bf0c779bd1220ce172f37b.dir
      size: 391235
      nfiles: 2
    - path: src/data/data_preprocessing.py
      hash: md5
      md5: aef966eabb554b896ee3bd3063e33912
      size: 2913
    outs:
    - path: data/processed
      hash: md5
      md5: 2ba2882663bf0c779bd1220ce172f37b.dir
      size: 391235
      nfiles: 2
  feature_engineering:
    cmd: python src/features/feature_engineering.py
    deps:
    - path: data/processed
      hash: md5
      md5: c6afaef4b3266ebd05f93c94b6a957ff.dir
      size: 41458434
      nfiles: 4
    - path: src/features/feature_engineering.py
      hash: md5
      md5: 85b20caf7b683abd1a685e4c180f8fa7
      size: 1650
    params:
      params.yaml:
        feature_engineering.max_features: 20000
    outs:
    - path: models/vectorizer.pkl
      hash: md5
      md5: c1aaa1691a80bf9baca7694a98856087
      size: 739562
  model_building:
    cmd: python src/model/model_building.py
    deps:
    - path: data/processed
      hash: md5
      md5: c6afaef4b3266ebd05f93c94b6a957ff.dir
      size: 41458434
      nfiles: 4
    - path: src/model/model_building.py
      hash: md5
      md5: 365470af63085331053562d8943a0098
      size: 1123
    outs:
    - path: models/model.pkl
      hash: md5
      md5: 71a08c33544662b83efe7eda763b4f66
      size: 160739
  model_evaluation:
    cmd: python src/model/model_evaluation.py
    deps:
    - path: models/model.pkl
      hash: md5
      md5: 71a08c33544662b83efe7eda763b4f66
      size: 160739
    - path: src/model/model_evaluation.py
      hash: md5
      md5: b8ef9a73b8c9e59f98cc0a97e392aab3
      size: 3615
    outs:
    - path: reports/experiment_info.json
      hash: md5
      md5: 70016629ad7d62d8270f142cd8d1eca0
      size: 82
    - path: reports/metrics.json
      hash: md5
      md5: d09a6f35f91c20f9c9bddd67c13f2235
      size: 92
  model_registration:
    cmd: python src/model/register_model.py
    deps:
    - path: reports/experiment_info.json
      hash: md5
      md5: 70016629ad7d62d8270f142cd8d1eca0
      size: 82
    - path: src/model/register_model.py
      hash: md5
      md5: 3c078034fbff7e5962df3b72b7f2ebdf
      size: 3150
