schema: '2.0'
stages:
  data_preprocessing:
    cmd: python src/data/data_preprocessing.py
    deps:
    - path: data/interim
      hash: md5
      md5: 2ba2882663bf0c779bd1220ce172f37b.dir
      size: 391235
      nfiles: 2
    - path: src/data/data_preprocessing.py
      hash: md5
      md5: 892c1be3f141a85c637ab5dbf7264d96
      size: 2999
    outs:
    - path: data/processed/test_processed.csv
      hash: md5
      md5: 030aaf7782ab7ac2aa2be29daff6098e
      size: 8087466
    - path: data/processed/train_processed.csv
      hash: md5
      md5: 94dcb63c3df6b79f140ea5e62865efaf
      size: 32488560
  feature_engineering:
    cmd: python src/features/feature_engineering.py
    deps:
    - path: data/processed/test_processed.csv
      hash: md5
      md5: 030aaf7782ab7ac2aa2be29daff6098e
      size: 8087466
    - path: data/processed/train_processed.csv
      hash: md5
      md5: 94dcb63c3df6b79f140ea5e62865efaf
      size: 32488560
    - path: src/features/feature_engineering.py
      hash: md5
      md5: 8ad4813688787289539d8257bd13cad2
      size: 1916
    outs:
    - path: data/processed/test_tfidf.csv
      hash: md5
      md5: 60b7d1830ed6a1374ab2af5d4473bc49
      size: 405807973
    - path: data/processed/train_tfidf.csv
      hash: md5
      md5: 8b46a722cdec8afac8c04b971a464131
      size: 1623286030
    - path: models/vectorizer.pkl
      hash: md5
      md5: f22fdc8e4ede7e4a694f6652cf6b22c7
      size: 299024
  model_building:
    cmd: python src/model/model_building.py
    deps:
    - path: data/processed/train_tfidf.csv
      hash: md5
      md5: 8b46a722cdec8afac8c04b971a464131
      size: 1623286030
    - path: src/model/model_building.py
      hash: md5
      md5: 76c50c20396e7fa997ab5befba3957b2
      size: 1478
    outs:
    - path: models/logistic_model.pkl
      hash: md5
      md5: 61efa6dfb4f5bc97728d4b687474a113
      size: 80725
    - path: models/svm_model.pkl
      hash: md5
      md5: e2979b64a95f87d70f0d9b8bdef4c12b
      size: 80613
  model_evaluation:
    cmd: python src/model/model_evaluation.py
    deps:
    - path: data/processed/test_tfidf.csv
      hash: md5
      md5: 60b7d1830ed6a1374ab2af5d4473bc49
      size: 405807973
    - path: models/logistic_model.pkl
      hash: md5
      md5: 61efa6dfb4f5bc97728d4b687474a113
      size: 80725
    - path: models/svm_model.pkl
      hash: md5
      md5: e2979b64a95f87d70f0d9b8bdef4c12b
      size: 80613
    - path: src/model/model_evaluation.py
      hash: md5
      md5: 3730acb304c90c10b75ec4b500803cbe
      size: 4157
    outs:
    - path: reports/experiment_info.json
      hash: md5
      md5: 2dd7369da5c4d49a1f5054b98526e90f
      size: 82
    - path: reports/metrics.json
      hash: md5
      md5: ee17d2734dc3401e13007f50083c8f02
      size: 396
  model_registration:
    cmd: python src/model/register_model.py
    deps:
    - path: reports/experiment_info.json
      hash: md5
      md5: 2dd7369da5c4d49a1f5054b98526e90f
      size: 82
    - path: src/model/register_model.py
      hash: md5
      md5: 186dc39e17583177401874607aab6397
      size: 2181
