schema: '2.0'
stages:
  data_preprocessing:
    cmd: python src/data/data_preprocessing.py
    deps:
    - path: data/interim
      hash: md5
      md5: 2ba2882663bf0c779bd1220ce172f37b.dir
      size: 391235
      nfiles: 2
    - path: src/data/data_preprocessing.py
      hash: md5
      md5: aef966eabb554b896ee3bd3063e33912
      size: 2913
    outs:
    - path: data/processed
      hash: md5
      md5: 2ba2882663bf0c779bd1220ce172f37b.dir
      size: 391235
      nfiles: 2
  feature_engineering:
    cmd: python src/features/feature_engineering.py
    deps:
    - path: data/processed
      hash: md5
      md5: 06a880370df37c773f69154011fcd82d.dir
      size: 443125
      nfiles: 4
    - path: src/features/feature_engineering.py
      hash: md5
      md5: becb1ca06f27577ad6632e061bd3e290
      size: 3446
    params:
      params.yaml:
        feature_engineering.max_features: 50
    outs:
    - path: models/vectorizer.pkl
      hash: md5
      md5: aa24fdd0d68d884891c496bbc3a1eb42
      size: 1661
  model_building:
    cmd: python src/model/model_building.py
    deps:
    - path: data/processed
      hash: md5
      md5: 06a880370df37c773f69154011fcd82d.dir
      size: 443125
      nfiles: 4
    - path: src/model/model_building.py
      hash: md5
      md5: 0147f56dbbab9cf1065b67f3cf72e473
      size: 1859
    outs:
    - path: models/model.pkl
      hash: md5
      md5: b613e06c976ed34c9c16c6361c0b3575
      size: 1114
  model_evaluation:
    cmd: python src/model/model_evaluation.py
    deps:
    - path: models/model.pkl
      hash: md5
      md5: b613e06c976ed34c9c16c6361c0b3575
      size: 1114
    - path: src/model/model_evaluation.py
      hash: md5
      md5: 9c9eb023dfa3f3802c818c1d457cfb10
      size: 5568
    outs:
    - path: reports/experiment_info.json
      hash: md5
      md5: 3744000a1cc4c1fb814400f4b571aa62
      size: 82
    - path: reports/metrics.json
      hash: md5
      md5: f038e9b3405ec64e27f021593181471e
      size: 105
  model_registration:
    cmd: python src/model/register_model.py
    deps:
    - path: reports/experiment_info.json
      hash: md5
      md5: 3744000a1cc4c1fb814400f4b571aa62
      size: 82
    - path: src/model/register_model.py
      hash: md5
      md5: 3c078034fbff7e5962df3b72b7f2ebdf
      size: 3150
